
Microsoft Visual Studio Solution File, Format Version 12.00
# Visual Studio Version 16
VisualStudioVersion = 16.0.30804.86
MinimumVisualStudioVersion = 10.0.40219.1
Project("{FAE04EC0-301F-11D3-BF4B-00C04F79EFBC}") = "HyperAutomation.BotCreator.Server", "HyperAutomation.BotCreator\Server\HyperAutomation.BotCreator.Server.csproj", "{4CBCCF3D-F06A-44C4-9D5C-CBBBE3D42EC9}"
EndProject
Project("{FAE04EC0-301F-11D3-BF4B-00C04F79EFBC}") = "HyperAutomation.BotCreator.Client", "HyperAutomation.BotCreator\Client\HyperAutomation.BotCreator.Client.csproj", "{56D380F2-5127-4C00-8764-07DC331EB8BD}"
EndProject
Project("{FAE04EC0-301F-11D3-BF4B-00C04F79EFBC}") = "HyperAutomation.BotCreator.Shared", "HyperAutomation.BotCreator\Shared\HyperAutomation.BotCreator.Shared.csproj", "{844B5316-9955-4FB7-BF66-FE0B51332400}"
EndProject
Global
	GlobalSection(SolutionConfigurationPlatforms) = preSolution
		Debug|Any CPU = Debug|Any CPU
		Release|Any CPU = Release|Any CPU
	EndGlobalSection
	GlobalSection(ProjectConfigurationPlatforms) = postSolution
		{4CBCCF3D-F06A-44C4-9D5C-CBBBE3D42EC9}.Debug|Any CPU.ActiveCfg = Debug|Any CPU
		{4CBCCF3D-F06A-44C4-9D5C-CBBBE3D42EC9}.Debug|Any CPU.Build.0 = Debug|Any CPU
		{4CBCCF3D-F06A-44C4-9D5C-CBBBE3D42EC9}.Release|Any CPU.ActiveCfg = Release|Any CPU
		{4CBCCF3D-F06A-44C4-9D5C-CBBBE3D42EC9}.Release|Any CPU.Build.0 = Release|Any CPU
		{56D380F2-5127-4C00-8764-07DC331EB8BD}.Debug|Any CPU.ActiveCfg = Debug|Any CPU
		{56D380F2-5127-4C00-8764-07DC331EB8BD}.Debug|Any CPU.Build.0 = Debug|Any CPU
		{56D380F2-5127-4C00-8764-07DC331EB8BD}.Release|Any CPU.ActiveCfg = Release|Any CPU
		{56D380F2-5127-4C00-8764-07DC331EB8BD}.Release|Any CPU.Build.0 = Release|Any CPU
		{844B5316-9955-4FB7-BF66-FE0B51332400}.Debug|Any CPU.ActiveCfg = Debug|Any CPU
		{844B5316-9955-4FB7-BF66-FE0B51332400}.Debug|Any CPU.Build.0 = Debug|Any CPU
		{844B5316-9955-4FB7-BF66-FE0B51332400}.Release|Any CPU.ActiveCfg = Release|Any CPU
		{844B5316-9955-4FB7-BF66-FE0B51332400}.Release|Any CPU.Build.0 = Release|Any CPU
	EndGlobalSection
	GlobalSection(SolutionProperties) = preSolution
		HideSolutionNode = FALSE
	EndGlobalSection
	GlobalSection(ExtensibilityGlobals) = postSolution
		SolutionGuid = {DC5B84E0-09AC-40ED-A8C1-BF58F28FBE70}
	EndGlobalSection
EndGlobal
